// !$*UTF8*$!
{
	archiveVersion = 1;
	classes = {
	};
	objectVersion = 51;
	objects = {

/* Begin PBXBuildFile section */
		21036BC026D32B9300720B39 /* AppDelegate.swift in Sources */ = {isa = PBXBuildFile; fileRef = 21036BBF26D32B9300720B39 /* AppDelegate.swift */; };
		21036BC226D32B9300720B39 /* SceneDelegate.swift in Sources */ = {isa = PBXBuildFile; fileRef = 21036BC126D32B9300720B39 /* SceneDelegate.swift */; };
		21036BC426D32B9300720B39 /* HomeViewController.swift in Sources */ = {isa = PBXBuildFile; fileRef = 21036BC326D32B9300720B39 /* HomeViewController.swift */; };
		21036BC726D32B9300720B39 /* Main.storyboard in Resources */ = {isa = PBXBuildFile; fileRef = 21036BC526D32B9300720B39 /* Main.storyboard */; };
		21036BC926D32B9400720B39 /* Assets.xcassets in Resources */ = {isa = PBXBuildFile; fileRef = 21036BC826D32B9400720B39 /* Assets.xcassets */; };
		21036BCC26D32B9400720B39 /* LaunchScreen.storyboard in Resources */ = {isa = PBXBuildFile; fileRef = 21036BCA26D32B9400720B39 /* LaunchScreen.storyboard */; };
		21036BD926D4360100720B39 /* ExploreViewController.swift in Sources */ = {isa = PBXBuildFile; fileRef = 21036BD826D4360100720B39 /* ExploreViewController.swift */; };
		21036BDB26D4362D00720B39 /* CameraViewController.swift in Sources */ = {isa = PBXBuildFile; fileRef = 21036BDA26D4362D00720B39 /* CameraViewController.swift */; };
		21036BDD26D4364600720B39 /* NotificationsViewController.swift in Sources */ = {isa = PBXBuildFile; fileRef = 21036BDC26D4364600720B39 /* NotificationsViewController.swift */; };
		21036BDF26D4365C00720B39 /* ProfileViewController.swift in Sources */ = {isa = PBXBuildFile; fileRef = 21036BDE26D4365C00720B39 /* ProfileViewController.swift */; };
		21036BE426D436B700720B39 /* RegistrationViewController.swift in Sources */ = {isa = PBXBuildFile; fileRef = 21036BE326D436B700720B39 /* RegistrationViewController.swift */; };
		21036BE626D436C500720B39 /* LoginViewController.swift in Sources */ = {isa = PBXBuildFile; fileRef = 21036BE526D436C500720B39 /* LoginViewController.swift */; };
		21036BE826D436EC00720B39 /* PostViewController.swift in Sources */ = {isa = PBXBuildFile; fileRef = 21036BE726D436EC00720B39 /* PostViewController.swift */; };
		21036BEA26D437BA00720B39 /* EditProfileViewController.swift in Sources */ = {isa = PBXBuildFile; fileRef = 21036BE926D437BA00720B39 /* EditProfileViewController.swift */; };
		21036BEC26D437CE00720B39 /* SettingsViewController.swift in Sources */ = {isa = PBXBuildFile; fileRef = 21036BEB26D437CE00720B39 /* SettingsViewController.swift */; };
		21036BEE26D437E300720B39 /* ListViewController.swift in Sources */ = {isa = PBXBuildFile; fileRef = 21036BED26D437E300720B39 /* ListViewController.swift */; };
		21036BF026D437F800720B39 /* SearchResultViewController.swift in Sources */ = {isa = PBXBuildFile; fileRef = 21036BEF26D437F800720B39 /* SearchResultViewController.swift */; };
		21036BF226D438C900720B39 /* PostEditorViewController.swift in Sources */ = {isa = PBXBuildFile; fileRef = 21036BF126D438C900720B39 /* PostEditorViewController.swift */; };
		21036BF426D45D7800720B39 /* GoogleService-Info.plist in Resources */ = {isa = PBXBuildFile; fileRef = 21036BF326D45D7800720B39 /* GoogleService-Info.plist */; };
		21036BF726D4AB6300720B39 /* DatabaseManager.swift in Sources */ = {isa = PBXBuildFile; fileRef = 21036BF626D4AB6300720B39 /* DatabaseManager.swift */; };
		21036BF926D4AC4B00720B39 /* AuthManager.swift in Sources */ = {isa = PBXBuildFile; fileRef = 21036BF826D4AC4B00720B39 /* AuthManager.swift */; };
		21036BFB26D4AC8A00720B39 /* StorageManager.swift in Sources */ = {isa = PBXBuildFile; fileRef = 21036BFA26D4AC8A00720B39 /* StorageManager.swift */; };
		21036BFD26D4B09200720B39 /* Extenstions.swift in Sources */ = {isa = PBXBuildFile; fileRef = 21036BFC26D4B09200720B39 /* Extenstions.swift */; };
		21036C2F26DEE7B800720B39 /* IGFeedPostTableViewCell.swift in Sources */ = {isa = PBXBuildFile; fileRef = 21036C2E26DEE7B800720B39 /* IGFeedPostTableViewCell.swift */; };
		21036C3226E08F5E00720B39 /* IGFeedPostHeaderTableViewCell.swift in Sources */ = {isa = PBXBuildFile; fileRef = 21036C3126E08F5E00720B39 /* IGFeedPostHeaderTableViewCell.swift */; };
		21036C3426E08F7D00720B39 /* IGFeedPostActionsTableViewCell.swift in Sources */ = {isa = PBXBuildFile; fileRef = 21036C3326E08F7D00720B39 /* IGFeedPostActionsTableViewCell.swift */; };
		21036C3626E08FA300720B39 /* IGFeedPostGeneralTableViewCell.swift in Sources */ = {isa = PBXBuildFile; fileRef = 21036C3526E08FA300720B39 /* IGFeedPostGeneralTableViewCell.swift */; };
		21036C3826E5CA3100720B39 /* FormTableViewCell.swift in Sources */ = {isa = PBXBuildFile; fileRef = 21036C3726E5CA3100720B39 /* FormTableViewCell.swift */; };
		21036C3C26E5D65D00720B39 /* PhotoCollectionViewCell.swift in Sources */ = {isa = PBXBuildFile; fileRef = 21036C3B26E5D65D00720B39 /* PhotoCollectionViewCell.swift */; };
		21036C3E26E5D6B300720B39 /* ProfleInfoHeaderCollectionReusableView.swift in Sources */ = {isa = PBXBuildFile; fileRef = 21036C3D26E5D6B300720B39 /* ProfleInfoHeaderCollectionReusableView.swift */; };
		21036C4026E5D6E200720B39 /* ProfileTabsCollectionReusableView.swift in Sources */ = {isa = PBXBuildFile; fileRef = 21036C3F26E5D6E200720B39 /* ProfileTabsCollectionReusableView.swift */; };
		2107F71226EC31DB00200882 /* Models.swift in Sources */ = {isa = PBXBuildFile; fileRef = 2107F71126EC31DB00200882 /* Models.swift */; };
		21D0220526F9B1890009984F /* UserFollowTableViewCell.swift in Sources */ = {isa = PBXBuildFile; fileRef = 21D0220426F9B1890009984F /* UserFollowTableViewCell.swift */; };
		90D9C0E145A8C823BC06E207 /* Pods_InstaMeAppNextGen.framework in Frameworks */ = {isa = PBXBuildFile; fileRef = AD266EDA18F69E5F41CAE963 /* Pods_InstaMeAppNextGen.framework */; };
/* End PBXBuildFile section */

/* Begin PBXFileReference section */
		2088EFBBE9A179C905FEC42A /* Pods-InstaMeAppNextGen.debug.xcconfig */ = {isa = PBXFileReference; includeInIndex = 1; lastKnownFileType = text.xcconfig; name = "Pods-InstaMeAppNextGen.debug.xcconfig"; path = "Target Support Files/Pods-InstaMeAppNextGen/Pods-InstaMeAppNextGen.debug.xcconfig"; sourceTree = "<group>"; };
		21036BBC26D32B9300720B39 /* InstaMeAppNextGen.app */ = {isa = PBXFileReference; explicitFileType = wrapper.application; includeInIndex = 0; path = InstaMeAppNextGen.app; sourceTree = BUILT_PRODUCTS_DIR; };
		21036BBF26D32B9300720B39 /* AppDelegate.swift */ = {isa = PBXFileReference; lastKnownFileType = sourcecode.swift; path = AppDelegate.swift; sourceTree = "<group>"; };
		21036BC126D32B9300720B39 /* SceneDelegate.swift */ = {isa = PBXFileReference; lastKnownFileType = sourcecode.swift; path = SceneDelegate.swift; sourceTree = "<group>"; };
		21036BC326D32B9300720B39 /* HomeViewController.swift */ = {isa = PBXFileReference; lastKnownFileType = sourcecode.swift; path = HomeViewController.swift; sourceTree = "<group>"; };
		21036BC626D32B9300720B39 /* Base */ = {isa = PBXFileReference; lastKnownFileType = file.storyboard; name = Base; path = Base.lproj/Main.storyboard; sourceTree = "<group>"; };
		21036BC826D32B9400720B39 /* Assets.xcassets */ = {isa = PBXFileReference; lastKnownFileType = folder.assetcatalog; path = Assets.xcassets; sourceTree = "<group>"; };
		21036BCB26D32B9400720B39 /* Base */ = {isa = PBXFileReference; lastKnownFileType = file.storyboard; name = Base; path = Base.lproj/LaunchScreen.storyboard; sourceTree = "<group>"; };
		21036BCD26D32B9400720B39 /* Info.plist */ = {isa = PBXFileReference; lastKnownFileType = text.plist.xml; path = Info.plist; sourceTree = "<group>"; };
		21036BD826D4360100720B39 /* ExploreViewController.swift */ = {isa = PBXFileReference; lastKnownFileType = sourcecode.swift; path = ExploreViewController.swift; sourceTree = "<group>"; };
		21036BDA26D4362D00720B39 /* CameraViewController.swift */ = {isa = PBXFileReference; lastKnownFileType = sourcecode.swift; path = CameraViewController.swift; sourceTree = "<group>"; };
		21036BDC26D4364600720B39 /* NotificationsViewController.swift */ = {isa = PBXFileReference; lastKnownFileType = sourcecode.swift; path = NotificationsViewController.swift; sourceTree = "<group>"; };
		21036BDE26D4365C00720B39 /* ProfileViewController.swift */ = {isa = PBXFileReference; lastKnownFileType = sourcecode.swift; path = ProfileViewController.swift; sourceTree = "<group>"; };
		21036BE326D436B700720B39 /* RegistrationViewController.swift */ = {isa = PBXFileReference; lastKnownFileType = sourcecode.swift; path = RegistrationViewController.swift; sourceTree = "<group>"; };
		21036BE526D436C500720B39 /* LoginViewController.swift */ = {isa = PBXFileReference; lastKnownFileType = sourcecode.swift; path = LoginViewController.swift; sourceTree = "<group>"; };
		21036BE726D436EC00720B39 /* PostViewController.swift */ = {isa = PBXFileReference; lastKnownFileType = sourcecode.swift; path = PostViewController.swift; sourceTree = "<group>"; };
		21036BE926D437BA00720B39 /* EditProfileViewController.swift */ = {isa = PBXFileReference; lastKnownFileType = sourcecode.swift; path = EditProfileViewController.swift; sourceTree = "<group>"; };
		21036BEB26D437CE00720B39 /* SettingsViewController.swift */ = {isa = PBXFileReference; lastKnownFileType = sourcecode.swift; path = SettingsViewController.swift; sourceTree = "<group>"; };
		21036BED26D437E300720B39 /* ListViewController.swift */ = {isa = PBXFileReference; lastKnownFileType = sourcecode.swift; path = ListViewController.swift; sourceTree = "<group>"; };
		21036BEF26D437F800720B39 /* SearchResultViewController.swift */ = {isa = PBXFileReference; lastKnownFileType = sourcecode.swift; path = SearchResultViewController.swift; sourceTree = "<group>"; };
		21036BF126D438C900720B39 /* PostEditorViewController.swift */ = {isa = PBXFileReference; lastKnownFileType = sourcecode.swift; path = PostEditorViewController.swift; sourceTree = "<group>"; };
		21036BF326D45D7800720B39 /* GoogleService-Info.plist */ = {isa = PBXFileReference; fileEncoding = 4; lastKnownFileType = text.plist.xml; path = "GoogleService-Info.plist"; sourceTree = "<group>"; };
		21036BF626D4AB6300720B39 /* DatabaseManager.swift */ = {isa = PBXFileReference; lastKnownFileType = sourcecode.swift; path = DatabaseManager.swift; sourceTree = "<group>"; };
		21036BF826D4AC4B00720B39 /* AuthManager.swift */ = {isa = PBXFileReference; lastKnownFileType = sourcecode.swift; path = AuthManager.swift; sourceTree = "<group>"; };
		21036BFA26D4AC8A00720B39 /* StorageManager.swift */ = {isa = PBXFileReference; lastKnownFileType = sourcecode.swift; path = StorageManager.swift; sourceTree = "<group>"; };
		21036BFC26D4B09200720B39 /* Extenstions.swift */ = {isa = PBXFileReference; lastKnownFileType = sourcecode.swift; path = Extenstions.swift; sourceTree = "<group>"; };
		21036C2E26DEE7B800720B39 /* IGFeedPostTableViewCell.swift */ = {isa = PBXFileReference; lastKnownFileType = sourcecode.swift; path = IGFeedPostTableViewCell.swift; sourceTree = "<group>"; };
		21036C3126E08F5E00720B39 /* IGFeedPostHeaderTableViewCell.swift */ = {isa = PBXFileReference; lastKnownFileType = sourcecode.swift; path = IGFeedPostHeaderTableViewCell.swift; sourceTree = "<group>"; };
		21036C3326E08F7D00720B39 /* IGFeedPostActionsTableViewCell.swift */ = {isa = PBXFileReference; lastKnownFileType = sourcecode.swift; path = IGFeedPostActionsTableViewCell.swift; sourceTree = "<group>"; };
		21036C3526E08FA300720B39 /* IGFeedPostGeneralTableViewCell.swift */ = {isa = PBXFileReference; lastKnownFileType = sourcecode.swift; path = IGFeedPostGeneralTableViewCell.swift; sourceTree = "<group>"; };
		21036C3726E5CA3100720B39 /* FormTableViewCell.swift */ = {isa = PBXFileReference; lastKnownFileType = sourcecode.swift; path = FormTableViewCell.swift; sourceTree = "<group>"; };
		21036C3B26E5D65D00720B39 /* PhotoCollectionViewCell.swift */ = {isa = PBXFileReference; lastKnownFileType = sourcecode.swift; path = PhotoCollectionViewCell.swift; sourceTree = "<group>"; };
		21036C3D26E5D6B300720B39 /* ProfleInfoHeaderCollectionReusableView.swift */ = {isa = PBXFileReference; lastKnownFileType = sourcecode.swift; path = ProfleInfoHeaderCollectionReusableView.swift; sourceTree = "<group>"; };
		21036C3F26E5D6E200720B39 /* ProfileTabsCollectionReusableView.swift */ = {isa = PBXFileReference; lastKnownFileType = sourcecode.swift; path = ProfileTabsCollectionReusableView.swift; sourceTree = "<group>"; };
		2107F71126EC31DB00200882 /* Models.swift */ = {isa = PBXFileReference; lastKnownFileType = sourcecode.swift; name = Models.swift; path = ../../../../FlowerClass/Models.swift; sourceTree = "<group>"; };
		21D0220426F9B1890009984F /* UserFollowTableViewCell.swift */ = {isa = PBXFileReference; lastKnownFileType = sourcecode.swift; path = UserFollowTableViewCell.swift; sourceTree = "<group>"; };
		91DF6E34AE07958BEF7AAECF /* Pods-InstaMeAppNextGen.release.xcconfig */ = {isa = PBXFileReference; includeInIndex = 1; lastKnownFileType = text.xcconfig; name = "Pods-InstaMeAppNextGen.release.xcconfig"; path = "Target Support Files/Pods-InstaMeAppNextGen/Pods-InstaMeAppNextGen.release.xcconfig"; sourceTree = "<group>"; };
		AD266EDA18F69E5F41CAE963 /* Pods_InstaMeAppNextGen.framework */ = {isa = PBXFileReference; explicitFileType = wrapper.framework; includeInIndex = 0; path = Pods_InstaMeAppNextGen.framework; sourceTree = BUILT_PRODUCTS_DIR; };
/* End PBXFileReference section */

/* Begin PBXFrameworksBuildPhase section */
		21036BB926D32B9300720B39 /* Frameworks */ = {
			isa = PBXFrameworksBuildPhase;
			buildActionMask = 2147483647;
			files = (
				90D9C0E145A8C823BC06E207 /* Pods_InstaMeAppNextGen.framework in Frameworks */,
			);
			runOnlyForDeploymentPostprocessing = 0;
		};
/* End PBXFrameworksBuildPhase section */

/* Begin PBXGroup section */
		21036BB326D32B9300720B39 = {
			isa = PBXGroup;
			children = (
				21036BBE26D32B9300720B39 /* InstaMeAppNextGen */,
				21036BBD26D32B9300720B39 /* Products */,
				ED25E5B06E7E646CA7CD6094 /* Pods */,
				D091E9500FEB5772968EFC31 /* Frameworks */,
			);
			sourceTree = "<group>";
		};
		21036BBD26D32B9300720B39 /* Products */ = {
			isa = PBXGroup;
			children = (
				21036BBC26D32B9300720B39 /* InstaMeAppNextGen.app */,
			);
			name = Products;
			sourceTree = "<group>";
		};
		21036BBE26D32B9300720B39 /* InstaMeAppNextGen */ = {
			isa = PBXGroup;
			children = (
				21036BD626D4333A00720B39 /* Resources */,
				21036BD526D4333100720B39 /* Models */,
				21036BD426D4332800720B39 /* Views */,
				21036BD326D4331300720B39 /* Controllers */,
				21036BCD26D32B9400720B39 /* Info.plist */,
			);
			path = InstaMeAppNextGen;
			sourceTree = "<group>";
		};
		21036BD326D4331300720B39 /* Controllers */ = {
			isa = PBXGroup;
			children = (
				21036BE126D4369D00720B39 /* Other */,
				21036BE026D4366D00720B39 /* Core Tabs */,
			);
			path = Controllers;
			sourceTree = "<group>";
		};
		21036BD426D4332800720B39 /* Views */ = {
			isa = PBXGroup;
			children = (
				21036C3926E5D62A00720B39 /* Headers */,
				21036C2D26DEE79200720B39 /* Cells */,
				21036BC826D32B9400720B39 /* Assets.xcassets */,
				21036BD726D434C100720B39 /* Storyboards */,
			);
			path = Views;
			sourceTree = "<group>";
		};
		21036BD526D4333100720B39 /* Models */ = {
			isa = PBXGroup;
			children = (
				2107F71126EC31DB00200882 /* Models.swift */,
			);
			path = Models;
			sourceTree = "<group>";
		};
		21036BD626D4333A00720B39 /* Resources */ = {
			isa = PBXGroup;
			children = (
				21036BBF26D32B9300720B39 /* AppDelegate.swift */,
				21036BC126D32B9300720B39 /* SceneDelegate.swift */,
				21036BF326D45D7800720B39 /* GoogleService-Info.plist */,
				21036BF826D4AC4B00720B39 /* AuthManager.swift */,
				21036BF626D4AB6300720B39 /* DatabaseManager.swift */,
				21036BFA26D4AC8A00720B39 /* StorageManager.swift */,
				21036BFC26D4B09200720B39 /* Extenstions.swift */,
			);
			path = Resources;
			sourceTree = "<group>";
		};
		21036BD726D434C100720B39 /* Storyboards */ = {
			isa = PBXGroup;
			children = (
				21036BC526D32B9300720B39 /* Main.storyboard */,
				21036BCA26D32B9400720B39 /* LaunchScreen.storyboard */,
			);
			path = Storyboards;
			sourceTree = "<group>";
		};
		21036BE026D4366D00720B39 /* Core Tabs */ = {
			isa = PBXGroup;
			children = (
				21036BC326D32B9300720B39 /* HomeViewController.swift */,
				21036BD826D4360100720B39 /* ExploreViewController.swift */,
				21036BDA26D4362D00720B39 /* CameraViewController.swift */,
				21036BDC26D4364600720B39 /* NotificationsViewController.swift */,
				21036BDE26D4365C00720B39 /* ProfileViewController.swift */,
			);
			path = "Core Tabs";
			sourceTree = "<group>";
		};
		21036BE126D4369D00720B39 /* Other */ = {
			isa = PBXGroup;
			children = (
				21036BE226D436A300720B39 /* Onboarding */,
				21036BF526D4AA0700720B39 /* General */,
			);
			path = Other;
			sourceTree = "<group>";
		};
		21036BE226D436A300720B39 /* Onboarding */ = {
			isa = PBXGroup;
			children = (
				21036BE526D436C500720B39 /* LoginViewController.swift */,
				21036BE326D436B700720B39 /* RegistrationViewController.swift */,
			);
			path = Onboarding;
			sourceTree = "<group>";
		};
		21036BF526D4AA0700720B39 /* General */ = {
			isa = PBXGroup;
			children = (
				21036BEB26D437CE00720B39 /* SettingsViewController.swift */,
				21036BE926D437BA00720B39 /* EditProfileViewController.swift */,
				21036BE726D436EC00720B39 /* PostViewController.swift */,
				21036BED26D437E300720B39 /* ListViewController.swift */,
				21036BEF26D437F800720B39 /* SearchResultViewController.swift */,
				21036BF126D438C900720B39 /* PostEditorViewController.swift */,
			);
			path = General;
			sourceTree = "<group>";
		};
		21036C2D26DEE79200720B39 /* Cells */ = {
			isa = PBXGroup;
			children = (
				21036C3026E08F3B00720B39 /* HomeFeed */,
				21036C3726E5CA3100720B39 /* FormTableViewCell.swift */,
				21036C3B26E5D65D00720B39 /* PhotoCollectionViewCell.swift */,
				21D0220426F9B1890009984F /* UserFollowTableViewCell.swift */,
			);
			path = Cells;
			sourceTree = "<group>";
		};
		21036C3026E08F3B00720B39 /* HomeFeed */ = {
			isa = PBXGroup;
			children = (
				21036C2E26DEE7B800720B39 /* IGFeedPostTableViewCell.swift */,
				21036C3126E08F5E00720B39 /* IGFeedPostHeaderTableViewCell.swift */,
				21036C3326E08F7D00720B39 /* IGFeedPostActionsTableViewCell.swift */,
				21036C3526E08FA300720B39 /* IGFeedPostGeneralTableViewCell.swift */,
			);
			path = HomeFeed;
			sourceTree = "<group>";
		};
		21036C3926E5D62A00720B39 /* Headers */ = {
			isa = PBXGroup;
			children = (
				21036C3A26E5D63300720B39 /* CollectionViewHeaders */,
			);
			path = Headers;
			sourceTree = "<group>";
		};
		21036C3A26E5D63300720B39 /* CollectionViewHeaders */ = {
			isa = PBXGroup;
			children = (
				21036C3D26E5D6B300720B39 /* ProfleInfoHeaderCollectionReusableView.swift */,
				21036C3F26E5D6E200720B39 /* ProfileTabsCollectionReusableView.swift */,
			);
			path = CollectionViewHeaders;
			sourceTree = "<group>";
		};
		D091E9500FEB5772968EFC31 /* Frameworks */ = {
			isa = PBXGroup;
			children = (
				AD266EDA18F69E5F41CAE963 /* Pods_InstaMeAppNextGen.framework */,
			);
			name = Frameworks;
			sourceTree = "<group>";
		};
		ED25E5B06E7E646CA7CD6094 /* Pods */ = {
			isa = PBXGroup;
			children = (
				2088EFBBE9A179C905FEC42A /* Pods-InstaMeAppNextGen.debug.xcconfig */,
				91DF6E34AE07958BEF7AAECF /* Pods-InstaMeAppNextGen.release.xcconfig */,
			);
			path = Pods;
			sourceTree = "<group>";
		};
/* End PBXGroup section */

/* Begin PBXNativeTarget section */
		21036BBB26D32B9300720B39 /* InstaMeAppNextGen */ = {
			isa = PBXNativeTarget;
			buildConfigurationList = 21036BD026D32B9400720B39 /* Build configuration list for PBXNativeTarget "InstaMeAppNextGen" */;
			buildPhases = (
				F11FF4D412CE149F376D177F /* [CP] Check Pods Manifest.lock */,
				21036BB826D32B9300720B39 /* Sources */,
				21036BB926D32B9300720B39 /* Frameworks */,
				21036BBA26D32B9300720B39 /* Resources */,
				7F6E5429D3F64871BA1CA9B4 /* [CP] Embed Pods Frameworks */,
			);
			buildRules = (
			);
			dependencies = (
			);
			name = InstaMeAppNextGen;
			productName = InstaMeAppNextGen;
			productReference = 21036BBC26D32B9300720B39 /* InstaMeAppNextGen.app */;
			productType = "com.apple.product-type.application";
		};
/* End PBXNativeTarget section */

/* Begin PBXProject section */
		21036BB426D32B9300720B39 /* Project object */ = {
			isa = PBXProject;
			attributes = {
				LastSwiftUpdateCheck = 1250;
				LastUpgradeCheck = 1250;
				TargetAttributes = {
					21036BBB26D32B9300720B39 = {
						CreatedOnToolsVersion = 12.5.1;
					};
				};
			};
			buildConfigurationList = 21036BB726D32B9300720B39 /* Build configuration list for PBXProject "InstaMeAppNextGen" */;
			compatibilityVersion = "Xcode 9.3";
			developmentRegion = en;
			hasScannedForEncodings = 0;
			knownRegions = (
				en,
				Base,
			);
			mainGroup = 21036BB326D32B9300720B39;
			productRefGroup = 21036BBD26D32B9300720B39 /* Products */;
			projectDirPath = "";
			projectRoot = "";
			targets = (
				21036BBB26D32B9300720B39 /* InstaMeAppNextGen */,
			);
		};
/* End PBXProject section */

/* Begin PBXResourcesBuildPhase section */
		21036BBA26D32B9300720B39 /* Resources */ = {
			isa = PBXResourcesBuildPhase;
			buildActionMask = 2147483647;
			files = (
				21036BCC26D32B9400720B39 /* LaunchScreen.storyboard in Resources */,
				21036BC926D32B9400720B39 /* Assets.xcassets in Resources */,
				21036BF426D45D7800720B39 /* GoogleService-Info.plist in Resources */,
				21036BC726D32B9300720B39 /* Main.storyboard in Resources */,
			);
			runOnlyForDeploymentPostprocessing = 0;
		};
/* End PBXResourcesBuildPhase section */

/* Begin PBXShellScriptBuildPhase section */
		7F6E5429D3F64871BA1CA9B4 /* [CP] Embed Pods Frameworks */ = {
			isa = PBXShellScriptBuildPhase;
			buildActionMask = 2147483647;
			files = (
			);
			inputFileListPaths = (
				"${PODS_ROOT}/Target Support Files/Pods-InstaMeAppNextGen/Pods-InstaMeAppNextGen-frameworks-${CONFIGURATION}-input-files.xcfilelist",
			);
			name = "[CP] Embed Pods Frameworks";
			outputFileListPaths = (
				"${PODS_ROOT}/Target Support Files/Pods-InstaMeAppNextGen/Pods-InstaMeAppNextGen-frameworks-${CONFIGURATION}-output-files.xcfilelist",
			);
			runOnlyForDeploymentPostprocessing = 0;
			shellPath = /bin/sh;
			shellScript = "\"${PODS_ROOT}/Target Support Files/Pods-InstaMeAppNextGen/Pods-InstaMeAppNextGen-frameworks.sh\"\n";
			showEnvVarsInLog = 0;
		};
		F11FF4D412CE149F376D177F /* [CP] Check Pods Manifest.lock */ = {
			isa = PBXShellScriptBuildPhase;
			buildActionMask = 2147483647;
			files = (
			);
			inputFileListPaths = (
			);
			inputPaths = (
				"${PODS_PODFILE_DIR_PATH}/Podfile.lock",
				"${PODS_ROOT}/Manifest.lock",
			);
			name = "[CP] Check Pods Manifest.lock";
			outputFileListPaths = (
			);
			outputPaths = (
				"$(DERIVED_FILE_DIR)/Pods-InstaMeAppNextGen-checkManifestLockResult.txt",
			);
			runOnlyForDeploymentPostprocessing = 0;
			shellPath = /bin/sh;
			shellScript = "diff \"${PODS_PODFILE_DIR_PATH}/Podfile.lock\" \"${PODS_ROOT}/Manifest.lock\" > /dev/null\nif [ $? != 0 ] ; then\n    # print error to STDERR\n    echo \"error: The sandbox is not in sync with the Podfile.lock. Run 'pod install' or update your CocoaPods installation.\" >&2\n    exit 1\nfi\n# This output is used by Xcode 'outputs' to avoid re-running this script phase.\necho \"SUCCESS\" > \"${SCRIPT_OUTPUT_FILE_0}\"\n";
			showEnvVarsInLog = 0;
		};
/* End PBXShellScriptBuildPhase section */

/* Begin PBXSourcesBuildPhase section */
		21036BB826D32B9300720B39 /* Sources */ = {
			isa = PBXSourcesBuildPhase;
			buildActionMask = 2147483647;
			files = (
				21036C3626E08FA300720B39 /* IGFeedPostGeneralTableViewCell.swift in Sources */,
				21036C3826E5CA3100720B39 /* FormTableViewCell.swift in Sources */,
				21036BF726D4AB6300720B39 /* DatabaseManager.swift in Sources */,
				21036BEA26D437BA00720B39 /* EditProfileViewController.swift in Sources */,
				21036BE626D436C500720B39 /* LoginViewController.swift in Sources */,
				21D0220526F9B1890009984F /* UserFollowTableViewCell.swift in Sources */,
				21036C3426E08F7D00720B39 /* IGFeedPostActionsTableViewCell.swift in Sources */,
				21036C3C26E5D65D00720B39 /* PhotoCollectionViewCell.swift in Sources */,
				21036BFB26D4AC8A00720B39 /* StorageManager.swift in Sources */,
				21036BD926D4360100720B39 /* ExploreViewController.swift in Sources */,
				21036BDB26D4362D00720B39 /* CameraViewController.swift in Sources */,
				21036BE426D436B700720B39 /* RegistrationViewController.swift in Sources */,
				21036C3226E08F5E00720B39 /* IGFeedPostHeaderTableViewCell.swift in Sources */,
				21036BE826D436EC00720B39 /* PostViewController.swift in Sources */,
				21036BF926D4AC4B00720B39 /* AuthManager.swift in Sources */,
				21036BC426D32B9300720B39 /* HomeViewController.swift in Sources */,
				21036BDD26D4364600720B39 /* NotificationsViewController.swift in Sources */,
				21036C3E26E5D6B300720B39 /* ProfleInfoHeaderCollectionReusableView.swift in Sources */,
				21036BF026D437F800720B39 /* SearchResultViewController.swift in Sources */,
				21036BDF26D4365C00720B39 /* ProfileViewController.swift in Sources */,
				21036C2F26DEE7B800720B39 /* IGFeedPostTableViewCell.swift in Sources */,
				21036BFD26D4B09200720B39 /* Extenstions.swift in Sources */,
				21036BC026D32B9300720B39 /* AppDelegate.swift in Sources */,
				21036BF226D438C900720B39 /* PostEditorViewController.swift in Sources */,
				21036BC226D32B9300720B39 /* SceneDelegate.swift in Sources */,
				21036BEE26D437E300720B39 /* ListViewController.swift in Sources */,
				21036C4026E5D6E200720B39 /* ProfileTabsCollectionReusableView.swift in Sources */,
				21036BEC26D437CE00720B39 /* SettingsViewController.swift in Sources */,
				2107F71226EC31DB00200882 /* Models.swift in Sources */,
			);
			runOnlyForDeploymentPostprocessing = 0;
		};
/* End PBXSourcesBuildPhase section */

/* Begin PBXVariantGroup section */
		21036BC526D32B9300720B39 /* Main.storyboard */ = {
			isa = PBXVariantGroup;
			children = (
				21036BC626D32B9300720B39 /* Base */,
			);
			name = Main.storyboard;
			sourceTree = "<group>";
		};
		21036BCA26D32B9400720B39 /* LaunchScreen.storyboard */ = {
			isa = PBXVariantGroup;
			children = (
				21036BCB26D32B9400720B39 /* Base */,
			);
			name = LaunchScreen.storyboard;
			sourceTree = "<group>";
		};
/* End PBXVariantGroup section */

/* Begin XCBuildConfiguration section */
		21036BCE26D32B9400720B39 /* Debug */ = {
			isa = XCBuildConfiguration;
			buildSettings = {
				ALWAYS_SEARCH_USER_PATHS = NO;
				CLANG_ANALYZER_NONNULL = YES;
				CLANG_ANALYZER_NUMBER_OBJECT_CONVERSION = YES_AGGRESSIVE;
				CLANG_CXX_LANGUAGE_STANDARD = "gnu++14";
				CLANG_CXX_LIBRARY = "libc++";
				CLANG_ENABLE_MODULES = YES;
				CLANG_ENABLE_OBJC_ARC = YES;
				CLANG_ENABLE_OBJC_WEAK = YES;
				CLANG_WARN_BLOCK_CAPTURE_AUTORELEASING = YES;
				CLANG_WARN_BOOL_CONVERSION = YES;
				CLANG_WARN_COMMA = YES;
				CLANG_WARN_CONSTANT_CONVERSION = YES;
				CLANG_WARN_DEPRECATED_OBJC_IMPLEMENTATIONS = YES;
				CLANG_WARN_DIRECT_OBJC_ISA_USAGE = YES_ERROR;
				CLANG_WARN_DOCUMENTATION_COMMENTS = YES;
				CLANG_WARN_EMPTY_BODY = YES;
				CLANG_WARN_ENUM_CONVERSION = YES;
				CLANG_WARN_INFINITE_RECURSION = YES;
				CLANG_WARN_INT_CONVERSION = YES;
				CLANG_WARN_NON_LITERAL_NULL_CONVERSION = YES;
				CLANG_WARN_OBJC_IMPLICIT_RETAIN_SELF = YES;
				CLANG_WARN_OBJC_LITERAL_CONVERSION = YES;
				CLANG_WARN_OBJC_ROOT_CLASS = YES_ERROR;
				CLANG_WARN_QUOTED_INCLUDE_IN_FRAMEWORK_HEADER = YES;
				CLANG_WARN_RANGE_LOOP_ANALYSIS = YES;
				CLANG_WARN_STRICT_PROTOTYPES = YES;
				CLANG_WARN_SUSPICIOUS_MOVE = YES;
				CLANG_WARN_UNGUARDED_AVAILABILITY = YES_AGGRESSIVE;
				CLANG_WARN_UNREACHABLE_CODE = YES;
				CLANG_WARN__DUPLICATE_METHOD_MATCH = YES;
				COPY_PHASE_STRIP = NO;
				DEBUG_INFORMATION_FORMAT = dwarf;
				ENABLE_STRICT_OBJC_MSGSEND = YES;
				ENABLE_TESTABILITY = YES;
				GCC_C_LANGUAGE_STANDARD = gnu11;
				GCC_DYNAMIC_NO_PIC = NO;
				GCC_NO_COMMON_BLOCKS = YES;
				GCC_OPTIMIZATION_LEVEL = 0;
				GCC_PREPROCESSOR_DEFINITIONS = (
					"DEBUG=1",
					"$(inherited)",
				);
				GCC_WARN_64_TO_32_BIT_CONVERSION = YES;
				GCC_WARN_ABOUT_RETURN_TYPE = YES_ERROR;
				GCC_WARN_UNDECLARED_SELECTOR = YES;
				GCC_WARN_UNINITIALIZED_AUTOS = YES_AGGRESSIVE;
				GCC_WARN_UNUSED_FUNCTION = YES;
				GCC_WARN_UNUSED_VARIABLE = YES;
				IPHONEOS_DEPLOYMENT_TARGET = 14.5;
				MTL_ENABLE_DEBUG_INFO = INCLUDE_SOURCE;
				MTL_FAST_MATH = YES;
				ONLY_ACTIVE_ARCH = YES;
				SDKROOT = iphoneos;
				SWIFT_ACTIVE_COMPILATION_CONDITIONS = DEBUG;
				SWIFT_OPTIMIZATION_LEVEL = "-Onone";
			};
			name = Debug;
		};
		21036BCF26D32B9400720B39 /* Release */ = {
			isa = XCBuildConfiguration;
			buildSettings = {
				ALWAYS_SEARCH_USER_PATHS = NO;
				CLANG_ANALYZER_NONNULL = YES;
				CLANG_ANALYZER_NUMBER_OBJECT_CONVERSION = YES_AGGRESSIVE;
				CLANG_CXX_LANGUAGE_STANDARD = "gnu++14";
				CLANG_CXX_LIBRARY = "libc++";
				CLANG_ENABLE_MODULES = YES;
				CLANG_ENABLE_OBJC_ARC = YES;
				CLANG_ENABLE_OBJC_WEAK = YES;
				CLANG_WARN_BLOCK_CAPTURE_AUTORELEASING = YES;
				CLANG_WARN_BOOL_CONVERSION = YES;
				CLANG_WARN_COMMA = YES;
				CLANG_WARN_CONSTANT_CONVERSION = YES;
				CLANG_WARN_DEPRECATED_OBJC_IMPLEMENTATIONS = YES;
				CLANG_WARN_DIRECT_OBJC_ISA_USAGE = YES_ERROR;
				CLANG_WARN_DOCUMENTATION_COMMENTS = YES;
				CLANG_WARN_EMPTY_BODY = YES;
				CLANG_WARN_ENUM_CONVERSION = YES;
				CLANG_WARN_INFINITE_RECURSION = YES;
				CLANG_WARN_INT_CONVERSION = YES;
				CLANG_WARN_NON_LITERAL_NULL_CONVERSION = YES;
				CLANG_WARN_OBJC_IMPLICIT_RETAIN_SELF = YES;
				CLANG_WARN_OBJC_LITERAL_CONVERSION = YES;
				CLANG_WARN_OBJC_ROOT_CLASS = YES_ERROR;
				CLANG_WARN_QUOTED_INCLUDE_IN_FRAMEWORK_HEADER = YES;
				CLANG_WARN_RANGE_LOOP_ANALYSIS = YES;
				CLANG_WARN_STRICT_PROTOTYPES = YES;
				CLANG_WARN_SUSPICIOUS_MOVE = YES;
				CLANG_WARN_UNGUARDED_AVAILABILITY = YES_AGGRESSIVE;
				CLANG_WARN_UNREACHABLE_CODE = YES;
				CLANG_WARN__DUPLICATE_METHOD_MATCH = YES;
				COPY_PHASE_STRIP = NO;
				DEBUG_INFORMATION_FORMAT = "dwarf-with-dsym";
				ENABLE_NS_ASSERTIONS = NO;
				ENABLE_STRICT_OBJC_MSGSEND = YES;
				GCC_C_LANGUAGE_STANDARD = gnu11;
				GCC_NO_COMMON_BLOCKS = YES;
				GCC_WARN_64_TO_32_BIT_CONVERSION = YES;
				GCC_WARN_ABOUT_RETURN_TYPE = YES_ERROR;
				GCC_WARN_UNDECLARED_SELECTOR = YES;
				GCC_WARN_UNINITIALIZED_AUTOS = YES_AGGRESSIVE;
				GCC_WARN_UNUSED_FUNCTION = YES;
				GCC_WARN_UNUSED_VARIABLE = YES;
				IPHONEOS_DEPLOYMENT_TARGET = 14.5;
				MTL_ENABLE_DEBUG_INFO = NO;
				MTL_FAST_MATH = YES;
				SDKROOT = iphoneos;
				SWIFT_COMPILATION_MODE = wholemodule;
				SWIFT_OPTIMIZATION_LEVEL = "-O";
				VALIDATE_PRODUCT = YES;
			};
			name = Release;
		};
		21036BD126D32B9400720B39 /* Debug */ = {
			isa = XCBuildConfiguration;
			baseConfigurationReference = 2088EFBBE9A179C905FEC42A /* Pods-InstaMeAppNextGen.debug.xcconfig */;
			buildSettings = {
				ASSETCATALOG_COMPILER_APPICON_NAME = AppIcon;
				ASSETCATALOG_COMPILER_GLOBAL_ACCENT_COLOR_NAME = AccentColor;
				CODE_SIGN_STYLE = Automatic;
				DEVELOPMENT_TEAM = QLJ84Q3ZSY;
				INFOPLIST_FILE = InstaMeAppNextGen/Info.plist;
				LD_RUNPATH_SEARCH_PATHS = (
					"$(inherited)",
					"@executable_path/Frameworks",
				);
				PRODUCT_BUNDLE_IDENTIFIER = com.aveldanov.InstaMeAppNextGen;
				PRODUCT_NAME = "$(TARGET_NAME)";
				SWIFT_VERSION = 5.0;
				TARGETED_DEVICE_FAMILY = "1,2";
			};
			name = Debug;
		};
		21036BD226D32B9400720B39 /* Release */ = {
			isa = XCBuildConfiguration;
			baseConfigurationReference = 91DF6E34AE07958BEF7AAECF /* Pods-InstaMeAppNextGen.release.xcconfig */;
			buildSettings = {
				ASSETCATALOG_COMPILER_APPICON_NAME = AppIcon;
				ASSETCATALOG_COMPILER_GLOBAL_ACCENT_COLOR_NAME = AccentColor;
				CODE_SIGN_STYLE = Automatic;
				DEVELOPMENT_TEAM = QLJ84Q3ZSY;
				INFOPLIST_FILE = InstaMeAppNextGen/Info.plist;
				LD_RUNPATH_SEARCH_PATHS = (
					"$(inherited)",
					"@executable_path/Frameworks",
				);
				PRODUCT_BUNDLE_IDENTIFIER = com.aveldanov.InstaMeAppNextGen;
				PRODUCT_NAME = "$(TARGET_NAME)";
				SWIFT_VERSION = 5.0;
				TARGETED_DEVICE_FAMILY = "1,2";
			};
			name = Release;
		};
/* End XCBuildConfiguration section */

/* Begin XCConfigurationList section */
		21036BB726D32B9300720B39 /* Build configuration list for PBXProject "InstaMeAppNextGen" */ = {
			isa = XCConfigurationList;
			buildConfigurations = (
				21036BCE26D32B9400720B39 /* Debug */,
				21036BCF26D32B9400720B39 /* Release */,
			);
			defaultConfigurationIsVisible = 0;
			defaultConfigurationName = Release;
		};
		21036BD026D32B9400720B39 /* Build configuration list for PBXNativeTarget "InstaMeAppNextGen" */ = {
			isa = XCConfigurationList;
			buildConfigurations = (
				21036BD126D32B9400720B39 /* Debug */,
				21036BD226D32B9400720B39 /* Release */,
			);
			defaultConfigurationIsVisible = 0;
			defaultConfigurationName = Release;
		};
/* End XCConfigurationList section */
	};
	rootObject = 21036BB426D32B9300720B39 /* Project object */;
}
